<?xml version="1.0" encoding="UTF-8"?>
<Scheme
   version = "1.3">
   <BuildAction>
      <BuildActionEntries>
         <BuildActionEntry
            buildForRunning = "YES">
            <BuildableReference
               BuildableIdentifier = "primary"
               BlueprintIdentifier = "38B023434C1702E4ABDD33B1"
               BuildableName = "FlatFinder.app"
               BlueprintName = "FlatFinder"
               ReferencedContainer = "container:FlatFinder.xcodeproj">
            </BuildableReference>
         </BuildActionEntry>
      </BuildActionEntries>
   </BuildAction>
   <LaunchAction
      useCustomWorkingDirectory = "NO"
      buildConfiguration = "Debug">
      <BuildableProductRunnable>
         <BuildableReference
            BuildableIdentifier = "primary"
            BlueprintIdentifier = "38B023434C1702E4ABDD33B1"
            BuildableName = "FlatFinder.app"
            BlueprintName = "FlatFinder"
            ReferencedContainer = "container:FlatFinder.xcodeproj">
         </BuildableReference>
      </BuildableProductRunnable>
   </LaunchAction>
</Scheme>
